
Microsoft Visual Studio Solution File, Format Version 12.00
# Visual Studio Version 17
VisualStudioVersion = 17.7.34031.279
MinimumVisualStudioVersion = 10.0.40219.1
Project("{FAE04EC0-301F-11D3-BF4B-00C04F79EFBC}") = "user_service", "user_service.csproj", "{610D0074-4530-43B9-993F-54506CB1A125}"
EndProject
Global
	GlobalSection(SolutionConfigurationPlatforms) = preSolution
		Debug|Any CPU = Debug|Any CPU
		Release|Any CPU = Release|Any CPU
	EndGlobalSection
	GlobalSection(ProjectConfigurationPlatforms) = postSolution
		{610D0074-4530-43B9-993F-54506CB1A125}.Debug|Any CPU.ActiveCfg = Debug|Any CPU
		{610D0074-4530-43B9-993F-54506CB1A125}.Debug|Any CPU.Build.0 = Debug|Any CPU
		{610D0074-4530-43B9-993F-54506CB1A125}.Release|Any CPU.ActiveCfg = Release|Any CPU
		{610D0074-4530-43B9-993F-54506CB1A125}.Release|Any CPU.Build.0 = Release|Any CPU
	EndGlobalSection
	GlobalSection(SolutionProperties) = preSolution
		HideSolutionNode = FALSE
	EndGlobalSection
	GlobalSection(ExtensibilityGlobals) = postSolution
		SolutionGuid = {EF50C52D-B2BF-4084-823B-0A02C100D57E}
	EndGlobalSection
EndGlobal
